
Microsoft Visual Studio Solution File, Format Version 12.00
# Visual Studio Version 17
VisualStudioVersion = 17.10.35122.118
MinimumVisualStudioVersion = 10.0.40219.1
Project("{FAE04EC0-301F-11D3-BF4B-00C04F79EFBC}") = "Car Insurance", "Car Insurance\Car Insurance.csproj", "{097E18E1-35DE-4179-943A-4CE016BC7A74}"
EndProject
Global
	GlobalSection(SolutionConfigurationPlatforms) = preSolution
		Debug|Any CPU = Debug|Any CPU
		Release|Any CPU = Release|Any CPU
	EndGlobalSection
	GlobalSection(ProjectConfigurationPlatforms) = postSolution
		{097E18E1-35DE-4179-943A-4CE016BC7A74}.Debug|Any CPU.ActiveCfg = Debug|Any CPU
		{097E18E1-35DE-4179-943A-4CE016BC7A74}.Debug|Any CPU.Build.0 = Debug|Any CPU
		{097E18E1-35DE-4179-943A-4CE016BC7A74}.Release|Any CPU.ActiveCfg = Release|Any CPU
		{097E18E1-35DE-4179-943A-4CE016BC7A74}.Release|Any CPU.Build.0 = Release|Any CPU
	EndGlobalSection
	GlobalSection(SolutionProperties) = preSolution
		HideSolutionNode = FALSE
	EndGlobalSection
	GlobalSection(ExtensibilityGlobals) = postSolution
		SolutionGuid = {D39912B1-EF5B-4480-BE93-3A1C910FAF96}
	EndGlobalSection
EndGlobal
